Microsoft Visual Studio Solution File, Format Version 12.00
# Visual Studio 2012
Project("{FAE04EC0-301F-11D3-BF4B-00C04F79EFBC}") = "lupe_game", "lupe_game.csproj", "{D731426C-FC71-499E-B7EB-A844E626F0CF}"
EndProject
Global
	GlobalSection(SolutionConfigurationPlatforms) = preSolution
	Debug|Any CPU = Debug|Any CPU
	ExportDebug|Any CPU = ExportDebug|Any CPU
	ExportRelease|Any CPU = ExportRelease|Any CPU
	EndGlobalSection
	GlobalSection(ProjectConfigurationPlatforms) = postSolution
		{D731426C-FC71-499E-B7EB-A844E626F0CF}.Debug|Any CPU.ActiveCfg = Debug|Any CPU
		{D731426C-FC71-499E-B7EB-A844E626F0CF}.Debug|Any CPU.Build.0 = Debug|Any CPU
		{D731426C-FC71-499E-B7EB-A844E626F0CF}.ExportDebug|Any CPU.ActiveCfg = ExportDebug|Any CPU
		{D731426C-FC71-499E-B7EB-A844E626F0CF}.ExportDebug|Any CPU.Build.0 = ExportDebug|Any CPU
		{D731426C-FC71-499E-B7EB-A844E626F0CF}.ExportRelease|Any CPU.ActiveCfg = ExportRelease|Any CPU
		{D731426C-FC71-499E-B7EB-A844E626F0CF}.ExportRelease|Any CPU.Build.0 = ExportRelease|Any CPU
	EndGlobalSection
EndGlobal
